
Microsoft Visual Studio Solution File, Format Version 12.00
# Visual Studio Version 17
VisualStudioVersion = 17.2.32516.85
MinimumVisualStudioVersion = 10.0.40219.1
Project("{FAE04EC0-301F-11D3-BF4B-00C04F79EFBC}") = "Prueba2", "Prueba2\Prueba2.csproj", "{98FF316B-B5F4-47F4-A086-716A0DF15175}"
EndProject
Global
	GlobalSection(SolutionConfigurationPlatforms) = preSolution
		Debug|Any CPU = Debug|Any CPU
		Release|Any CPU = Release|Any CPU
	EndGlobalSection
	GlobalSection(ProjectConfigurationPlatforms) = postSolution
		{98FF316B-B5F4-47F4-A086-716A0DF15175}.Debug|Any CPU.ActiveCfg = Debug|Any CPU
		{98FF316B-B5F4-47F4-A086-716A0DF15175}.Debug|Any CPU.Build.0 = Debug|Any CPU
		{98FF316B-B5F4-47F4-A086-716A0DF15175}.Release|Any CPU.ActiveCfg = Release|Any CPU
		{98FF316B-B5F4-47F4-A086-716A0DF15175}.Release|Any CPU.Build.0 = Release|Any CPU
	EndGlobalSection
	GlobalSection(SolutionProperties) = preSolution
		HideSolutionNode = FALSE
	EndGlobalSection
	GlobalSection(ExtensibilityGlobals) = postSolution
		SolutionGuid = {398BE93F-9B68-4B67-ACEA-C001F70EB319}
	EndGlobalSection
EndGlobal
